
Microsoft Visual Studio Solution File, Format Version 12.00
# Visual Studio Version 17
VisualStudioVersion = 17.10.34916.146
MinimumVisualStudioVersion = 10.0.40219.1
Project("{FAE04EC0-301F-11D3-BF4B-00C04F79EFBC}") = "Vistas", "Vistas\Vistas.csproj", "{DABFE379-3322-446A-B7D1-27FEE8CC6AEA}"
EndProject
Project("{FAE04EC0-301F-11D3-BF4B-00C04F79EFBC}") = "Negocio", "Negocio\Negocio.csproj", "{A4C216F3-A59B-4839-B6EF-FAD4D5B53B53}"
EndProject
Project("{FAE04EC0-301F-11D3-BF4B-00C04F79EFBC}") = "Datos", "Datos\Datos.csproj", "{D0F374D7-3C9A-463D-ABD3-202C298C314B}"
EndProject
Project("{FAE04EC0-301F-11D3-BF4B-00C04F79EFBC}") = "Entidades", "Entidades\Entidades.csproj", "{3D8D3091-251F-4024-8796-4A80B558A818}"
EndProject
Project("{2150E333-8FDC-42A3-9474-1A3956D46DE8}") = "Imagenes", "Imagenes", "{E9F0DD4D-5E2A-47E7-9D66-CC8D1D3059FE}"
	ProjectSection(SolutionItems) = preProject
		Imagenes\imagen01.jpeg = Imagenes\imagen01.jpeg
	EndProjectSection
EndProject
Project("{2150E333-8FDC-42A3-9474-1A3956D46DE8}") = "wwwroot", "wwwroot", "{934EF5B7-1BD8-4FAD-B95A-873EB28EED82}"
EndProject
Project("{2150E333-8FDC-42A3-9474-1A3956D46DE8}") = "Images", "Images", "{354078D1-A232-42EF-90E8-6787277D54BC}"
	ProjectSection(SolutionItems) = preProject
		Imagenes\imagen01.jpeg = Imagenes\imagen01.jpeg
	EndProjectSection
EndProject
Global
	GlobalSection(SolutionConfigurationPlatforms) = preSolution
		Debug|Any CPU = Debug|Any CPU
		Release|Any CPU = Release|Any CPU
	EndGlobalSection
	GlobalSection(ProjectConfigurationPlatforms) = postSolution
		{DABFE379-3322-446A-B7D1-27FEE8CC6AEA}.Debug|Any CPU.ActiveCfg = Debug|Any CPU
		{DABFE379-3322-446A-B7D1-27FEE8CC6AEA}.Debug|Any CPU.Build.0 = Debug|Any CPU
		{DABFE379-3322-446A-B7D1-27FEE8CC6AEA}.Release|Any CPU.ActiveCfg = Release|Any CPU
		{DABFE379-3322-446A-B7D1-27FEE8CC6AEA}.Release|Any CPU.Build.0 = Release|Any CPU
		{A4C216F3-A59B-4839-B6EF-FAD4D5B53B53}.Debug|Any CPU.ActiveCfg = Debug|Any CPU
		{A4C216F3-A59B-4839-B6EF-FAD4D5B53B53}.Debug|Any CPU.Build.0 = Debug|Any CPU
		{A4C216F3-A59B-4839-B6EF-FAD4D5B53B53}.Release|Any CPU.ActiveCfg = Release|Any CPU
		{A4C216F3-A59B-4839-B6EF-FAD4D5B53B53}.Release|Any CPU.Build.0 = Release|Any CPU
		{D0F374D7-3C9A-463D-ABD3-202C298C314B}.Debug|Any CPU.ActiveCfg = Debug|Any CPU
		{D0F374D7-3C9A-463D-ABD3-202C298C314B}.Debug|Any CPU.Build.0 = Debug|Any CPU
		{D0F374D7-3C9A-463D-ABD3-202C298C314B}.Release|Any CPU.ActiveCfg = Release|Any CPU
		{D0F374D7-3C9A-463D-ABD3-202C298C314B}.Release|Any CPU.Build.0 = Release|Any CPU
		{3D8D3091-251F-4024-8796-4A80B558A818}.Debug|Any CPU.ActiveCfg = Debug|Any CPU
		{3D8D3091-251F-4024-8796-4A80B558A818}.Debug|Any CPU.Build.0 = Debug|Any CPU
		{3D8D3091-251F-4024-8796-4A80B558A818}.Release|Any CPU.ActiveCfg = Release|Any CPU
		{3D8D3091-251F-4024-8796-4A80B558A818}.Release|Any CPU.Build.0 = Release|Any CPU
	EndGlobalSection
	GlobalSection(SolutionProperties) = preSolution
		HideSolutionNode = FALSE
	EndGlobalSection
	GlobalSection(NestedProjects) = preSolution
		{354078D1-A232-42EF-90E8-6787277D54BC} = {934EF5B7-1BD8-4FAD-B95A-873EB28EED82}
	EndGlobalSection
	GlobalSection(ExtensibilityGlobals) = postSolution
		SolutionGuid = {8287F6D5-F685-45E9-8525-461C0CB117BD}
	EndGlobalSection
EndGlobal
